
Microsoft Visual Studio Solution File, Format Version 12.00
# Visual Studio Version 16
VisualStudioVersion = 16.0.30804.86
MinimumVisualStudioVersion = 10.0.40219.1
Project("{FAE04EC0-301F-11D3-BF4B-00C04F79EFBC}") = "Almentor_XamarinApp.UWP", "Almentor_XamarinApp\Almentor_XamarinApp.UWP\Almentor_XamarinApp.UWP.csproj", "{9B8B7D5B-4421-425B-9386-D3B7C9FC693F}"
EndProject
Project("{FAE04EC0-301F-11D3-BF4B-00C04F79EFBC}") = "Almentor_XamarinApp.Android", "Almentor_XamarinApp\Almentor_XamarinApp.Android\Almentor_XamarinApp.Android.csproj", "{195FDF6C-9A39-447B-A823-A5004A6ADA5F}"
EndProject
Project("{FAE04EC0-301F-11D3-BF4B-00C04F79EFBC}") = "Almentor_XamarinApp.iOS", "Almentor_XamarinApp\Almentor_XamarinApp.iOS\Almentor_XamarinApp.iOS.csproj", "{5937F781-25F7-474A-AB34-97D3BCA60C0E}"
EndProject
Project("{9A19103F-16F7-4668-BE54-9A1E7A4F7556}") = "Almentor_XamarinApp", "Almentor_XamarinApp\Almentor_XamarinApp\Almentor_XamarinApp.csproj", "{6B6B6A66-7FB6-419D-9F69-B61EFA812F43}"
EndProject
Project("{2150E333-8FDC-42A3-9474-1A3956D46DE8}") = "Android", "Android", "{04902A44-E439-478F-8355-3DE15659D545}"
EndProject
Project("{2150E333-8FDC-42A3-9474-1A3956D46DE8}") = "IOS", "IOS", "{8C451266-CB12-40AA-B635-7AD9F09FB51E}"
EndProject
Project("{2150E333-8FDC-42A3-9474-1A3956D46DE8}") = "UWP", "UWP", "{6F81EA7A-6510-4199-94E7-DFEFC810B536}"
EndProject
Project("{2150E333-8FDC-42A3-9474-1A3956D46DE8}") = "ClassLibrary", "ClassLibrary", "{A3EDE8E7-187D-4895-8A88-3D8546F740F1}"
EndProject
Project("{FAE04EC0-301F-11D3-BF4B-00C04F79EFBC}") = "Almentor_XamarinApp.Dal", "Almentor_XamarinApp.Dal\Almentor_XamarinApp.Dal.csproj", "{D4732F37-9471-46C2-A698-DCB2A719C5F6}"
EndProject
Project("{FAE04EC0-301F-11D3-BF4B-00C04F79EFBC}") = "Almentor_XamarinApp.Dependency", "Almentor_XamarinApp.Dependency\Almentor_XamarinApp.Dependency.csproj", "{D3680BF6-8271-4280-B4A3-0DE9754859E8}"
EndProject
Project("{FAE04EC0-301F-11D3-BF4B-00C04F79EFBC}") = "Almentor_XamarinApp.Service", "Almentor_XamarinApp.Service\Almentor_XamarinApp.Service.csproj", "{C00EC1DF-142A-400D-8EEF-D95783D6E1DA}"
EndProject
Project("{FAE04EC0-301F-11D3-BF4B-00C04F79EFBC}") = "Almentor_XamarinApp.Common", "Almentor_XamarinApp.Common\Almentor_XamarinApp.Common.csproj", "{EC9FF397-C488-4B12-AA5A-94C0B7C8CCB5}"
EndProject
Global
	GlobalSection(SolutionConfigurationPlatforms) = preSolution
		Debug|Any CPU = Debug|Any CPU
		Debug|ARM = Debug|ARM
		Debug|iPhone = Debug|iPhone
		Debug|iPhoneSimulator = Debug|iPhoneSimulator
		Debug|x64 = Debug|x64
		Debug|x86 = Debug|x86
		Release|Any CPU = Release|Any CPU
		Release|ARM = Release|ARM
		Release|iPhone = Release|iPhone
		Release|iPhoneSimulator = Release|iPhoneSimulator
		Release|x64 = Release|x64
		Release|x86 = Release|x86
	EndGlobalSection
	GlobalSection(ProjectConfigurationPlatforms) = postSolution
		{9B8B7D5B-4421-425B-9386-D3B7C9FC693F}.Debug|Any CPU.ActiveCfg = Debug|x86
		{9B8B7D5B-4421-425B-9386-D3B7C9FC693F}.Debug|Any CPU.Build.0 = Debug|x86
		{9B8B7D5B-4421-425B-9386-D3B7C9FC693F}.Debug|Any CPU.Deploy.0 = Debug|x86
		{9B8B7D5B-4421-425B-9386-D3B7C9FC693F}.Debug|ARM.ActiveCfg = Debug|ARM
		{9B8B7D5B-4421-425B-9386-D3B7C9FC693F}.Debug|ARM.Build.0 = Debug|ARM
		{9B8B7D5B-4421-425B-9386-D3B7C9FC693F}.Debug|ARM.Deploy.0 = Debug|ARM
		{9B8B7D5B-4421-425B-9386-D3B7C9FC693F}.Debug|iPhone.ActiveCfg = Debug|x86
		{9B8B7D5B-4421-425B-9386-D3B7C9FC693F}.Debug|iPhone.Build.0 = Debug|x86
		{9B8B7D5B-4421-425B-9386-D3B7C9FC693F}.Debug|iPhone.Deploy.0 = Debug|x86
		{9B8B7D5B-4421-425B-9386-D3B7C9FC693F}.Debug|iPhoneSimulator.ActiveCfg = Debug|x86
		{9B8B7D5B-4421-425B-9386-D3B7C9FC693F}.Debug|iPhoneSimulator.Build.0 = Debug|x86
		{9B8B7D5B-4421-425B-9386-D3B7C9FC693F}.Debug|iPhoneSimulator.Deploy.0 = Debug|x86
		{9B8B7D5B-4421-425B-9386-D3B7C9FC693F}.Debug|x64.ActiveCfg = Debug|x64
		{9B8B7D5B-4421-425B-9386-D3B7C9FC693F}.Debug|x64.Build.0 = Debug|x64
		{9B8B7D5B-4421-425B-9386-D3B7C9FC693F}.Debug|x64.Deploy.0 = Debug|x64
		{9B8B7D5B-4421-425B-9386-D3B7C9FC693F}.Debug|x86.ActiveCfg = Debug|x86
		{9B8B7D5B-4421-425B-9386-D3B7C9FC693F}.Debug|x86.Build.0 = Debug|x86
		{9B8B7D5B-4421-425B-9386-D3B7C9FC693F}.Debug|x86.Deploy.0 = Debug|x86
		{9B8B7D5B-4421-425B-9386-D3B7C9FC693F}.Release|Any CPU.ActiveCfg = Release|x86
		{9B8B7D5B-4421-425B-9386-D3B7C9FC693F}.Release|Any CPU.Build.0 = Release|x86
		{9B8B7D5B-4421-425B-9386-D3B7C9FC693F}.Release|Any CPU.Deploy.0 = Release|x86
		{9B8B7D5B-4421-425B-9386-D3B7C9FC693F}.Release|ARM.ActiveCfg = Release|ARM
		{9B8B7D5B-4421-425B-9386-D3B7C9FC693F}.Release|ARM.Build.0 = Release|ARM
		{9B8B7D5B-4421-425B-9386-D3B7C9FC693F}.Release|ARM.Deploy.0 = Release|ARM
		{9B8B7D5B-4421-425B-9386-D3B7C9FC693F}.Release|iPhone.ActiveCfg = Release|x86
		{9B8B7D5B-4421-425B-9386-D3B7C9FC693F}.Release|iPhone.Build.0 = Release|x86
		{9B8B7D5B-4421-425B-9386-D3B7C9FC693F}.Release|iPhone.Deploy.0 = Release|x86
		{9B8B7D5B-4421-425B-9386-D3B7C9FC693F}.Release|iPhoneSimulator.ActiveCfg = Release|x86
		{9B8B7D5B-4421-425B-9386-D3B7C9FC693F}.Release|iPhoneSimulator.Build.0 = Release|x86
		{9B8B7D5B-4421-425B-9386-D3B7C9FC693F}.Release|iPhoneSimulator.Deploy.0 = Release|x86
		{9B8B7D5B-4421-425B-9386-D3B7C9FC693F}.Release|x64.ActiveCfg = Release|x64
		{9B8B7D5B-4421-425B-9386-D3B7C9FC693F}.Release|x64.Build.0 = Release|x64
		{9B8B7D5B-4421-425B-9386-D3B7C9FC693F}.Release|x64.Deploy.0 = Release|x64
		{9B8B7D5B-4421-425B-9386-D3B7C9FC693F}.Release|x86.ActiveCfg = Release|x86
		{9B8B7D5B-4421-425B-9386-D3B7C9FC693F}.Release|x86.Build.0 = Release|x86
		{9B8B7D5B-4421-425B-9386-D3B7C9FC693F}.Release|x86.Deploy.0 = Release|x86
		{195FDF6C-9A39-447B-A823-A5004A6ADA5F}.Debug|Any CPU.ActiveCfg = Debug|Any CPU
		{195FDF6C-9A39-447B-A823-A5004A6ADA5F}.Debug|Any CPU.Build.0 = Debug|Any CPU
		{195FDF6C-9A39-447B-A823-A5004A6ADA5F}.Debug|Any CPU.Deploy.0 = Debug|Any CPU
		{195FDF6C-9A39-447B-A823-A5004A6ADA5F}.Debug|ARM.ActiveCfg = Debug|Any CPU
		{195FDF6C-9A39-447B-A823-A5004A6ADA5F}.Debug|ARM.Build.0 = Debug|Any CPU
		{195FDF6C-9A39-447B-A823-A5004A6ADA5F}.Debug|ARM.Deploy.0 = Debug|Any CPU
		{195FDF6C-9A39-447B-A823-A5004A6ADA5F}.Debug|iPhone.ActiveCfg = Debug|Any CPU
		{195FDF6C-9A39-447B-A823-A5004A6ADA5F}.Debug|iPhone.Build.0 = Debug|Any CPU
		{195FDF6C-9A39-447B-A823-A5004A6ADA5F}.Debug|iPhone.Deploy.0 = Debug|Any CPU
		{195FDF6C-9A39-447B-A823-A5004A6ADA5F}.Debug|iPhoneSimulator.ActiveCfg = Debug|Any CPU
		{195FDF6C-9A39-447B-A823-A5004A6ADA5F}.Debug|iPhoneSimulator.Build.0 = Debug|Any CPU
		{195FDF6C-9A39-447B-A823-A5004A6ADA5F}.Debug|iPhoneSimulator.Deploy.0 = Debug|Any CPU
		{195FDF6C-9A39-447B-A823-A5004A6ADA5F}.Debug|x64.ActiveCfg = Debug|Any CPU
		{195FDF6C-9A39-447B-A823-A5004A6ADA5F}.Debug|x64.Build.0 = Debug|Any CPU
		{195FDF6C-9A39-447B-A823-A5004A6ADA5F}.Debug|x64.Deploy.0 = Debug|Any CPU
		{195FDF6C-9A39-447B-A823-A5004A6ADA5F}.Debug|x86.ActiveCfg = Debug|Any CPU
		{195FDF6C-9A39-447B-A823-A5004A6ADA5F}.Debug|x86.Build.0 = Debug|Any CPU
		{195FDF6C-9A39-447B-A823-A5004A6ADA5F}.Debug|x86.Deploy.0 = Debug|Any CPU
		{195FDF6C-9A39-447B-A823-A5004A6ADA5F}.Release|Any CPU.ActiveCfg = Release|Any CPU
		{195FDF6C-9A39-447B-A823-A5004A6ADA5F}.Release|Any CPU.Build.0 = Release|Any CPU
		{195FDF6C-9A39-447B-A823-A5004A6ADA5F}.Release|Any CPU.Deploy.0 = Release|Any CPU
		{195FDF6C-9A39-447B-A823-A5004A6ADA5F}.Release|ARM.ActiveCfg = Release|Any CPU
		{195FDF6C-9A39-447B-A823-A5004A6ADA5F}.Release|ARM.Build.0 = Release|Any CPU
		{195FDF6C-9A39-447B-A823-A5004A6ADA5F}.Release|ARM.Deploy.0 = Release|Any CPU
		{195FDF6C-9A39-447B-A823-A5004A6ADA5F}.Release|iPhone.ActiveCfg = Release|Any CPU
		{195FDF6C-9A39-447B-A823-A5004A6ADA5F}.Release|iPhone.Build.0 = Release|Any CPU
		{195FDF6C-9A39-447B-A823-A5004A6ADA5F}.Release|iPhone.Deploy.0 = Release|Any CPU
		{195FDF6C-9A39-447B-A823-A5004A6ADA5F}.Release|iPhoneSimulator.ActiveCfg = Release|Any CPU
		{195FDF6C-9A39-447B-A823-A5004A6ADA5F}.Release|iPhoneSimulator.Build.0 = Release|Any CPU
		{195FDF6C-9A39-447B-A823-A5004A6ADA5F}.Release|iPhoneSimulator.Deploy.0 = Release|Any CPU
		{195FDF6C-9A39-447B-A823-A5004A6ADA5F}.Release|x64.ActiveCfg = Release|Any CPU
		{195FDF6C-9A39-447B-A823-A5004A6ADA5F}.Release|x64.Build.0 = Release|Any CPU
		{195FDF6C-9A39-447B-A823-A5004A6ADA5F}.Release|x64.Deploy.0 = Release|Any CPU
		{195FDF6C-9A39-447B-A823-A5004A6ADA5F}.Release|x86.ActiveCfg = Release|Any CPU
		{195FDF6C-9A39-447B-A823-A5004A6ADA5F}.Release|x86.Build.0 = Release|Any CPU
		{195FDF6C-9A39-447B-A823-A5004A6ADA5F}.Release|x86.Deploy.0 = Release|Any CPU
		{5937F781-25F7-474A-AB34-97D3BCA60C0E}.Debug|Any CPU.ActiveCfg = Debug|iPhoneSimulator
		{5937F781-25F7-474A-AB34-97D3BCA60C0E}.Debug|Any CPU.Build.0 = Debug|iPhoneSimulator
		{5937F781-25F7-474A-AB34-97D3BCA60C0E}.Debug|Any CPU.Deploy.0 = Debug|iPhoneSimulator
		{5937F781-25F7-474A-AB34-97D3BCA60C0E}.Debug|ARM.ActiveCfg = Debug|iPhone
		{5937F781-25F7-474A-AB34-97D3BCA60C0E}.Debug|ARM.Build.0 = Debug|iPhone
		{5937F781-25F7-474A-AB34-97D3BCA60C0E}.Debug|ARM.Deploy.0 = Debug|iPhone
		{5937F781-25F7-474A-AB34-97D3BCA60C0E}.Debug|iPhone.ActiveCfg = Debug|iPhone
		{5937F781-25F7-474A-AB34-97D3BCA60C0E}.Debug|iPhone.Build.0 = Debug|iPhone
		{5937F781-25F7-474A-AB34-97D3BCA60C0E}.Debug|iPhone.Deploy.0 = Debug|iPhone
		{5937F781-25F7-474A-AB34-97D3BCA60C0E}.Debug|iPhoneSimulator.ActiveCfg = Debug|iPhoneSimulator
		{5937F781-25F7-474A-AB34-97D3BCA60C0E}.Debug|iPhoneSimulator.Build.0 = Debug|iPhoneSimulator
		{5937F781-25F7-474A-AB34-97D3BCA60C0E}.Debug|iPhoneSimulator.Deploy.0 = Debug|iPhoneSimulator
		{5937F781-25F7-474A-AB34-97D3BCA60C0E}.Debug|x64.ActiveCfg = Debug|iPhoneSimulator
		{5937F781-25F7-474A-AB34-97D3BCA60C0E}.Debug|x64.Build.0 = Debug|iPhoneSimulator
		{5937F781-25F7-474A-AB34-97D3BCA60C0E}.Debug|x64.Deploy.0 = Debug|iPhoneSimulator
		{5937F781-25F7-474A-AB34-97D3BCA60C0E}.Debug|x86.ActiveCfg = Debug|iPhoneSimulator
		{5937F781-25F7-474A-AB34-97D3BCA60C0E}.Debug|x86.Build.0 = Debug|iPhoneSimulator
		{5937F781-25F7-474A-AB34-97D3BCA60C0E}.Debug|x86.Deploy.0 = Debug|iPhoneSimulator
		{5937F781-25F7-474A-AB34-97D3BCA60C0E}.Release|Any CPU.ActiveCfg = Release|iPhoneSimulator
		{5937F781-25F7-474A-AB34-97D3BCA60C0E}.Release|Any CPU.Build.0 = Release|iPhoneSimulator
		{5937F781-25F7-474A-AB34-97D3BCA60C0E}.Release|Any CPU.Deploy.0 = Release|iPhoneSimulator
		{5937F781-25F7-474A-AB34-97D3BCA60C0E}.Release|ARM.ActiveCfg = Release|iPhoneSimulator
		{5937F781-25F7-474A-AB34-97D3BCA60C0E}.Release|ARM.Build.0 = Release|iPhoneSimulator
		{5937F781-25F7-474A-AB34-97D3BCA60C0E}.Release|ARM.Deploy.0 = Release|iPhoneSimulator
		{5937F781-25F7-474A-AB34-97D3BCA60C0E}.Release|iPhone.ActiveCfg = Release|iPhone
		{5937F781-25F7-474A-AB34-97D3BCA60C0E}.Release|iPhone.Build.0 = Release|iPhone
		{5937F781-25F7-474A-AB34-97D3BCA60C0E}.Release|iPhone.Deploy.0 = Release|iPhone
		{5937F781-25F7-474A-AB34-97D3BCA60C0E}.Release|iPhoneSimulator.ActiveCfg = Release|iPhoneSimulator
		{5937F781-25F7-474A-AB34-97D3BCA60C0E}.Release|iPhoneSimulator.Build.0 = Release|iPhoneSimulator
		{5937F781-25F7-474A-AB34-97D3BCA60C0E}.Release|iPhoneSimulator.Deploy.0 = Release|iPhoneSimulator
		{5937F781-25F7-474A-AB34-97D3BCA60C0E}.Release|x64.ActiveCfg = Release|iPhoneSimulator
		{5937F781-25F7-474A-AB34-97D3BCA60C0E}.Release|x64.Build.0 = Release|iPhoneSimulator
		{5937F781-25F7-474A-AB34-97D3BCA60C0E}.Release|x64.Deploy.0 = Release|iPhoneSimulator
		{5937F781-25F7-474A-AB34-97D3BCA60C0E}.Release|x86.ActiveCfg = Release|iPhoneSimulator
		{5937F781-25F7-474A-AB34-97D3BCA60C0E}.Release|x86.Build.0 = Release|iPhoneSimulator
		{5937F781-25F7-474A-AB34-97D3BCA60C0E}.Release|x86.Deploy.0 = Release|iPhoneSimulator
		{6B6B6A66-7FB6-419D-9F69-B61EFA812F43}.Debug|Any CPU.ActiveCfg = Debug|Any CPU
		{6B6B6A66-7FB6-419D-9F69-B61EFA812F43}.Debug|Any CPU.Build.0 = Debug|Any CPU
		{6B6B6A66-7FB6-419D-9F69-B61EFA812F43}.Debug|Any CPU.Deploy.0 = Debug|Any CPU
		{6B6B6A66-7FB6-419D-9F69-B61EFA812F43}.Debug|ARM.ActiveCfg = Debug|Any CPU
		{6B6B6A66-7FB6-419D-9F69-B61EFA812F43}.Debug|ARM.Build.0 = Debug|Any CPU
		{6B6B6A66-7FB6-419D-9F69-B61EFA812F43}.Debug|ARM.Deploy.0 = Debug|Any CPU
		{6B6B6A66-7FB6-419D-9F69-B61EFA812F43}.Debug|iPhone.ActiveCfg = Debug|Any CPU
		{6B6B6A66-7FB6-419D-9F69-B61EFA812F43}.Debug|iPhone.Build.0 = Debug|Any CPU
		{6B6B6A66-7FB6-419D-9F69-B61EFA812F43}.Debug|iPhone.Deploy.0 = Debug|Any CPU
		{6B6B6A66-7FB6-419D-9F69-B61EFA812F43}.Debug|iPhoneSimulator.ActiveCfg = Debug|Any CPU
		{6B6B6A66-7FB6-419D-9F69-B61EFA812F43}.Debug|iPhoneSimulator.Build.0 = Debug|Any CPU
		{6B6B6A66-7FB6-419D-9F69-B61EFA812F43}.Debug|iPhoneSimulator.Deploy.0 = Debug|Any CPU
		{6B6B6A66-7FB6-419D-9F69-B61EFA812F43}.Debug|x64.ActiveCfg = Debug|Any CPU
		{6B6B6A66-7FB6-419D-9F69-B61EFA812F43}.Debug|x64.Build.0 = Debug|Any CPU
		{6B6B6A66-7FB6-419D-9F69-B61EFA812F43}.Debug|x64.Deploy.0 = Debug|Any CPU
		{6B6B6A66-7FB6-419D-9F69-B61EFA812F43}.Debug|x86.ActiveCfg = Debug|Any CPU
		{6B6B6A66-7FB6-419D-9F69-B61EFA812F43}.Debug|x86.Build.0 = Debug|Any CPU
		{6B6B6A66-7FB6-419D-9F69-B61EFA812F43}.Debug|x86.Deploy.0 = Debug|Any CPU
		{6B6B6A66-7FB6-419D-9F69-B61EFA812F43}.Release|Any CPU.ActiveCfg = Release|Any CPU
		{6B6B6A66-7FB6-419D-9F69-B61EFA812F43}.Release|Any CPU.Build.0 = Release|Any CPU
		{6B6B6A66-7FB6-419D-9F69-B61EFA812F43}.Release|Any CPU.Deploy.0 = Release|Any CPU
		{6B6B6A66-7FB6-419D-9F69-B61EFA812F43}.Release|ARM.ActiveCfg = Release|Any CPU
		{6B6B6A66-7FB6-419D-9F69-B61EFA812F43}.Release|ARM.Build.0 = Release|Any CPU
		{6B6B6A66-7FB6-419D-9F69-B61EFA812F43}.Release|ARM.Deploy.0 = Release|Any CPU
		{6B6B6A66-7FB6-419D-9F69-B61EFA812F43}.Release|iPhone.ActiveCfg = Release|Any CPU
		{6B6B6A66-7FB6-419D-9F69-B61EFA812F43}.Release|iPhone.Build.0 = Release|Any CPU
		{6B6B6A66-7FB6-419D-9F69-B61EFA812F43}.Release|iPhone.Deploy.0 = Release|Any CPU
		{6B6B6A66-7FB6-419D-9F69-B61EFA812F43}.Release|iPhoneSimulator.ActiveCfg = Release|Any CPU
		{6B6B6A66-7FB6-419D-9F69-B61EFA812F43}.Release|iPhoneSimulator.Build.0 = Release|Any CPU
		{6B6B6A66-7FB6-419D-9F69-B61EFA812F43}.Release|iPhoneSimulator.Deploy.0 = Release|Any CPU
		{6B6B6A66-7FB6-419D-9F69-B61EFA812F43}.Release|x64.ActiveCfg = Release|Any CPU
		{6B6B6A66-7FB6-419D-9F69-B61EFA812F43}.Release|x64.Build.0 = Release|Any CPU
		{6B6B6A66-7FB6-419D-9F69-B61EFA812F43}.Release|x64.Deploy.0 = Release|Any CPU
		{6B6B6A66-7FB6-419D-9F69-B61EFA812F43}.Release|x86.ActiveCfg = Release|Any CPU
		{6B6B6A66-7FB6-419D-9F69-B61EFA812F43}.Release|x86.Build.0 = Release|Any CPU
		{6B6B6A66-7FB6-419D-9F69-B61EFA812F43}.Release|x86.Deploy.0 = Release|Any CPU
		{D4732F37-9471-46C2-A698-DCB2A719C5F6}.Debug|Any CPU.ActiveCfg = Debug|Any CPU
		{D4732F37-9471-46C2-A698-DCB2A719C5F6}.Debug|Any CPU.Build.0 = Debug|Any CPU
		{D4732F37-9471-46C2-A698-DCB2A719C5F6}.Debug|ARM.ActiveCfg = Debug|Any CPU
		{D4732F37-9471-46C2-A698-DCB2A719C5F6}.Debug|ARM.Build.0 = Debug|Any CPU
		{D4732F37-9471-46C2-A698-DCB2A719C5F6}.Debug|iPhone.ActiveCfg = Debug|Any CPU
		{D4732F37-9471-46C2-A698-DCB2A719C5F6}.Debug|iPhone.Build.0 = Debug|Any CPU
		{D4732F37-9471-46C2-A698-DCB2A719C5F6}.Debug|iPhoneSimulator.ActiveCfg = Debug|Any CPU
		{D4732F37-9471-46C2-A698-DCB2A719C5F6}.Debug|iPhoneSimulator.Build.0 = Debug|Any CPU
		{D4732F37-9471-46C2-A698-DCB2A719C5F6}.Debug|x64.ActiveCfg = Debug|Any CPU
		{D4732F37-9471-46C2-A698-DCB2A719C5F6}.Debug|x64.Build.0 = Debug|Any CPU
		{D4732F37-9471-46C2-A698-DCB2A719C5F6}.Debug|x86.ActiveCfg = Debug|Any CPU
		{D4732F37-9471-46C2-A698-DCB2A719C5F6}.Debug|x86.Build.0 = Debug|Any CPU
		{D4732F37-9471-46C2-A698-DCB2A719C5F6}.Release|Any CPU.ActiveCfg = Release|Any CPU
		{D4732F37-9471-46C2-A698-DCB2A719C5F6}.Release|Any CPU.Build.0 = Release|Any CPU
		{D4732F37-9471-46C2-A698-DCB2A719C5F6}.Release|ARM.ActiveCfg = Release|Any CPU
		{D4732F37-9471-46C2-A698-DCB2A719C5F6}.Release|ARM.Build.0 = Release|Any CPU
		{D4732F37-9471-46C2-A698-DCB2A719C5F6}.Release|iPhone.ActiveCfg = Release|Any CPU
		{D4732F37-9471-46C2-A698-DCB2A719C5F6}.Release|iPhone.Build.0 = Release|Any CPU
		{D4732F37-9471-46C2-A698-DCB2A719C5F6}.Release|iPhoneSimulator.ActiveCfg = Release|Any CPU
		{D4732F37-9471-46C2-A698-DCB2A719C5F6}.Release|iPhoneSimulator.Build.0 = Release|Any CPU
		{D4732F37-9471-46C2-A698-DCB2A719C5F6}.Release|x64.ActiveCfg = Release|Any CPU
		{D4732F37-9471-46C2-A698-DCB2A719C5F6}.Release|x64.Build.0 = Release|Any CPU
		{D4732F37-9471-46C2-A698-DCB2A719C5F6}.Release|x86.ActiveCfg = Release|Any CPU
		{D4732F37-9471-46C2-A698-DCB2A719C5F6}.Release|x86.Build.0 = Release|Any CPU
		{D3680BF6-8271-4280-B4A3-0DE9754859E8}.Debug|Any CPU.ActiveCfg = Debug|Any CPU
		{D3680BF6-8271-4280-B4A3-0DE9754859E8}.Debug|Any CPU.Build.0 = Debug|Any CPU
		{D3680BF6-8271-4280-B4A3-0DE9754859E8}.Debug|ARM.ActiveCfg = Debug|Any CPU
		{D3680BF6-8271-4280-B4A3-0DE9754859E8}.Debug|ARM.Build.0 = Debug|Any CPU
		{D3680BF6-8271-4280-B4A3-0DE9754859E8}.Debug|iPhone.ActiveCfg = Debug|Any CPU
		{D3680BF6-8271-4280-B4A3-0DE9754859E8}.Debug|iPhone.Build.0 = Debug|Any CPU
		{D3680BF6-8271-4280-B4A3-0DE9754859E8}.Debug|iPhoneSimulator.ActiveCfg = Debug|Any CPU
		{D3680BF6-8271-4280-B4A3-0DE9754859E8}.Debug|iPhoneSimulator.Build.0 = Debug|Any CPU
		{D3680BF6-8271-4280-B4A3-0DE9754859E8}.Debug|x64.ActiveCfg = Debug|Any CPU
		{D3680BF6-8271-4280-B4A3-0DE9754859E8}.Debug|x64.Build.0 = Debug|Any CPU
		{D3680BF6-8271-4280-B4A3-0DE9754859E8}.Debug|x86.ActiveCfg = Debug|Any CPU
		{D3680BF6-8271-4280-B4A3-0DE9754859E8}.Debug|x86.Build.0 = Debug|Any CPU
		{D3680BF6-8271-4280-B4A3-0DE9754859E8}.Release|Any CPU.ActiveCfg = Release|Any CPU
		{D3680BF6-8271-4280-B4A3-0DE9754859E8}.Release|Any CPU.Build.0 = Release|Any CPU
		{D3680BF6-8271-4280-B4A3-0DE9754859E8}.Release|ARM.ActiveCfg = Release|Any CPU
		{D3680BF6-8271-4280-B4A3-0DE9754859E8}.Release|ARM.Build.0 = Release|Any CPU
		{D3680BF6-8271-4280-B4A3-0DE9754859E8}.Release|iPhone.ActiveCfg = Release|Any CPU
		{D3680BF6-8271-4280-B4A3-0DE9754859E8}.Release|iPhone.Build.0 = Release|Any CPU
		{D3680BF6-8271-4280-B4A3-0DE9754859E8}.Release|iPhoneSimulator.ActiveCfg = Release|Any CPU
		{D3680BF6-8271-4280-B4A3-0DE9754859E8}.Release|iPhoneSimulator.Build.0 = Release|Any CPU
		{D3680BF6-8271-4280-B4A3-0DE9754859E8}.Release|x64.ActiveCfg = Release|Any CPU
		{D3680BF6-8271-4280-B4A3-0DE9754859E8}.Release|x64.Build.0 = Release|Any CPU
		{D3680BF6-8271-4280-B4A3-0DE9754859E8}.Release|x86.ActiveCfg = Release|Any CPU
		{D3680BF6-8271-4280-B4A3-0DE9754859E8}.Release|x86.Build.0 = Release|Any CPU
		{C00EC1DF-142A-400D-8EEF-D95783D6E1DA}.Debug|Any CPU.ActiveCfg = Debug|Any CPU
		{C00EC1DF-142A-400D-8EEF-D95783D6E1DA}.Debug|Any CPU.Build.0 = Debug|Any CPU
		{C00EC1DF-142A-400D-8EEF-D95783D6E1DA}.Debug|ARM.ActiveCfg = Debug|Any CPU
		{C00EC1DF-142A-400D-8EEF-D95783D6E1DA}.Debug|ARM.Build.0 = Debug|Any CPU
		{C00EC1DF-142A-400D-8EEF-D95783D6E1DA}.Debug|iPhone.ActiveCfg = Debug|Any CPU
		{C00EC1DF-142A-400D-8EEF-D95783D6E1DA}.Debug|iPhone.Build.0 = Debug|Any CPU
		{C00EC1DF-142A-400D-8EEF-D95783D6E1DA}.Debug|iPhoneSimulator.ActiveCfg = Debug|Any CPU
		{C00EC1DF-142A-400D-8EEF-D95783D6E1DA}.Debug|iPhoneSimulator.Build.0 = Debug|Any CPU
		{C00EC1DF-142A-400D-8EEF-D95783D6E1DA}.Debug|x64.ActiveCfg = Debug|Any CPU
		{C00EC1DF-142A-400D-8EEF-D95783D6E1DA}.Debug|x64.Build.0 = Debug|Any CPU
		{C00EC1DF-142A-400D-8EEF-D95783D6E1DA}.Debug|x86.ActiveCfg = Debug|Any CPU
		{C00EC1DF-142A-400D-8EEF-D95783D6E1DA}.Debug|x86.Build.0 = Debug|Any CPU
		{C00EC1DF-142A-400D-8EEF-D95783D6E1DA}.Release|Any CPU.ActiveCfg = Release|Any CPU
		{C00EC1DF-142A-400D-8EEF-D95783D6E1DA}.Release|Any CPU.Build.0 = Release|Any CPU
		{C00EC1DF-142A-400D-8EEF-D95783D6E1DA}.Release|ARM.ActiveCfg = Release|Any CPU
		{C00EC1DF-142A-400D-8EEF-D95783D6E1DA}.Release|ARM.Build.0 = Release|Any CPU
		{C00EC1DF-142A-400D-8EEF-D95783D6E1DA}.Release|iPhone.ActiveCfg = Release|Any CPU
		{C00EC1DF-142A-400D-8EEF-D95783D6E1DA}.Release|iPhone.Build.0 = Release|Any CPU
		{C00EC1DF-142A-400D-8EEF-D95783D6E1DA}.Release|iPhoneSimulator.ActiveCfg = Release|Any CPU
		{C00EC1DF-142A-400D-8EEF-D95783D6E1DA}.Release|iPhoneSimulator.Build.0 = Release|Any CPU
		{C00EC1DF-142A-400D-8EEF-D95783D6E1DA}.Release|x64.ActiveCfg = Release|Any CPU
		{C00EC1DF-142A-400D-8EEF-D95783D6E1DA}.Release|x64.Build.0 = Release|Any CPU
		{C00EC1DF-142A-400D-8EEF-D95783D6E1DA}.Release|x86.ActiveCfg = Release|Any CPU
		{C00EC1DF-142A-400D-8EEF-D95783D6E1DA}.Release|x86.Build.0 = Release|Any CPU
		{EC9FF397-C488-4B12-AA5A-94C0B7C8CCB5}.Debug|Any CPU.ActiveCfg = Debug|Any CPU
		{EC9FF397-C488-4B12-AA5A-94C0B7C8CCB5}.Debug|Any CPU.Build.0 = Debug|Any CPU
		{EC9FF397-C488-4B12-AA5A-94C0B7C8CCB5}.Debug|ARM.ActiveCfg = Debug|Any CPU
		{EC9FF397-C488-4B12-AA5A-94C0B7C8CCB5}.Debug|ARM.Build.0 = Debug|Any CPU
		{EC9FF397-C488-4B12-AA5A-94C0B7C8CCB5}.Debug|iPhone.ActiveCfg = Debug|Any CPU
		{EC9FF397-C488-4B12-AA5A-94C0B7C8CCB5}.Debug|iPhone.Build.0 = Debug|Any CPU
		{EC9FF397-C488-4B12-AA5A-94C0B7C8CCB5}.Debug|iPhoneSimulator.ActiveCfg = Debug|Any CPU
		{EC9FF397-C488-4B12-AA5A-94C0B7C8CCB5}.Debug|iPhoneSimulator.Build.0 = Debug|Any CPU
		{EC9FF397-C488-4B12-AA5A-94C0B7C8CCB5}.Debug|x64.ActiveCfg = Debug|Any CPU
		{EC9FF397-C488-4B12-AA5A-94C0B7C8CCB5}.Debug|x64.Build.0 = Debug|Any CPU
		{EC9FF397-C488-4B12-AA5A-94C0B7C8CCB5}.Debug|x86.ActiveCfg = Debug|Any CPU
		{EC9FF397-C488-4B12-AA5A-94C0B7C8CCB5}.Debug|x86.Build.0 = Debug|Any CPU
		{EC9FF397-C488-4B12-AA5A-94C0B7C8CCB5}.Release|Any CPU.ActiveCfg = Release|Any CPU
		{EC9FF397-C488-4B12-AA5A-94C0B7C8CCB5}.Release|Any CPU.Build.0 = Release|Any CPU
		{EC9FF397-C488-4B12-AA5A-94C0B7C8CCB5}.Release|ARM.ActiveCfg = Release|Any CPU
		{EC9FF397-C488-4B12-AA5A-94C0B7C8CCB5}.Release|ARM.Build.0 = Release|Any CPU
		{EC9FF397-C488-4B12-AA5A-94C0B7C8CCB5}.Release|iPhone.ActiveCfg = Release|Any CPU
		{EC9FF397-C488-4B12-AA5A-94C0B7C8CCB5}.Release|iPhone.Build.0 = Release|Any CPU
		{EC9FF397-C488-4B12-AA5A-94C0B7C8CCB5}.Release|iPhoneSimulator.ActiveCfg = Release|Any CPU
		{EC9FF397-C488-4B12-AA5A-94C0B7C8CCB5}.Release|iPhoneSimulator.Build.0 = Release|Any CPU
		{EC9FF397-C488-4B12-AA5A-94C0B7C8CCB5}.Release|x64.ActiveCfg = Release|Any CPU
		{EC9FF397-C488-4B12-AA5A-94C0B7C8CCB5}.Release|x64.Build.0 = Release|Any CPU
		{EC9FF397-C488-4B12-AA5A-94C0B7C8CCB5}.Release|x86.ActiveCfg = Release|Any CPU
		{EC9FF397-C488-4B12-AA5A-94C0B7C8CCB5}.Release|x86.Build.0 = Release|Any CPU
	EndGlobalSection
	GlobalSection(SolutionProperties) = preSolution
		HideSolutionNode = FALSE
	EndGlobalSection
	GlobalSection(NestedProjects) = preSolution
		{9B8B7D5B-4421-425B-9386-D3B7C9FC693F} = {6F81EA7A-6510-4199-94E7-DFEFC810B536}
		{195FDF6C-9A39-447B-A823-A5004A6ADA5F} = {04902A44-E439-478F-8355-3DE15659D545}
		{5937F781-25F7-474A-AB34-97D3BCA60C0E} = {8C451266-CB12-40AA-B635-7AD9F09FB51E}
		{D4732F37-9471-46C2-A698-DCB2A719C5F6} = {A3EDE8E7-187D-4895-8A88-3D8546F740F1}
		{D3680BF6-8271-4280-B4A3-0DE9754859E8} = {A3EDE8E7-187D-4895-8A88-3D8546F740F1}
		{C00EC1DF-142A-400D-8EEF-D95783D6E1DA} = {A3EDE8E7-187D-4895-8A88-3D8546F740F1}
		{EC9FF397-C488-4B12-AA5A-94C0B7C8CCB5} = {A3EDE8E7-187D-4895-8A88-3D8546F740F1}
	EndGlobalSection
	GlobalSection(ExtensibilityGlobals) = postSolution
		SolutionGuid = {CA8349BC-3B10-40F4-BBE7-A4D18515975E}
	EndGlobalSection
EndGlobal
